
Microsoft Visual Studio Solution File, Format Version 12.00
# Visual Studio Version 16
VisualStudioVersion = 16.0.30114.105
MinimumVisualStudioVersion = 10.0.40219.1
Project("{FAE04EC0-301F-11D3-BF4B-00C04F79EFBC}") = "Derring-Do", "Derring-Do.csproj", "{5AA889BE-4258-449B-8E54-C466AFD373F3}"
EndProject
Global
	GlobalSection(SolutionConfigurationPlatforms) = preSolution
		Debug|Any CPU = Debug|Any CPU
		Release|Any CPU = Release|Any CPU
	EndGlobalSection
	GlobalSection(ProjectConfigurationPlatforms) = postSolution
		{5AA889BE-4258-449B-8E54-C466AFD373F3}.Debug|Any CPU.ActiveCfg = Release|Any CPU
		{5AA889BE-4258-449B-8E54-C466AFD373F3}.Debug|Any CPU.Build.0 = Release|Any CPU
		{5AA889BE-4258-449B-8E54-C466AFD373F3}.Release|Any CPU.ActiveCfg = Release|Any CPU
		{5AA889BE-4258-449B-8E54-C466AFD373F3}.Release|Any CPU.Build.0 = Release|Any CPU
	EndGlobalSection
	GlobalSection(SolutionProperties) = preSolution
		HideSolutionNode = FALSE
	EndGlobalSection
	GlobalSection(ExtensibilityGlobals) = postSolution
		SolutionGuid = {0DEA82BF-5E7E-441E-96D3-BFEF21D24172}
	EndGlobalSection
EndGlobal
